
Microsoft Visual Studio Solution File, Format Version 12.00
# Visual Studio Version 17
VisualStudioVersion = 17.14.36414.22 d17.14
MinimumVisualStudioVersion = 10.0.40219.1
Project("{FAE04EC0-301F-11D3-BF4B-00C04F79EFBC}") = "Thesaurus.core", "Thesaurus.core\Thesaurus.core.csproj", "{48DCFFCB-F900-4C3A-B302-4C761414A6D4}"
EndProject
Project("{FAE04EC0-301F-11D3-BF4B-00C04F79EFBC}") = "Thesaurus.Tests", "Thesaurus.Tests\Thesaurus.Tests.csproj", "{5F28874F-6908-43BA-8D43-0B3779AEA0D0}"
EndProject
Global
	GlobalSection(SolutionConfigurationPlatforms) = preSolution
		Debug|Any CPU = Debug|Any CPU
		Release|Any CPU = Release|Any CPU
	EndGlobalSection
	GlobalSection(ProjectConfigurationPlatforms) = postSolution
		{48DCFFCB-F900-4C3A-B302-4C761414A6D4}.Debug|Any CPU.ActiveCfg = Debug|Any CPU
		{48DCFFCB-F900-4C3A-B302-4C761414A6D4}.Debug|Any CPU.Build.0 = Debug|Any CPU
		{48DCFFCB-F900-4C3A-B302-4C761414A6D4}.Release|Any CPU.ActiveCfg = Release|Any CPU
		{48DCFFCB-F900-4C3A-B302-4C761414A6D4}.Release|Any CPU.Build.0 = Release|Any CPU
		{5F28874F-6908-43BA-8D43-0B3779AEA0D0}.Debug|Any CPU.ActiveCfg = Debug|Any CPU
		{5F28874F-6908-43BA-8D43-0B3779AEA0D0}.Debug|Any CPU.Build.0 = Debug|Any CPU
		{5F28874F-6908-43BA-8D43-0B3779AEA0D0}.Release|Any CPU.ActiveCfg = Release|Any CPU
		{5F28874F-6908-43BA-8D43-0B3779AEA0D0}.Release|Any CPU.Build.0 = Release|Any CPU
	EndGlobalSection
	GlobalSection(SolutionProperties) = preSolution
		HideSolutionNode = FALSE
	EndGlobalSection
	GlobalSection(ExtensibilityGlobals) = postSolution
		SolutionGuid = {BC01585A-E894-435A-B6A5-CB8A1360D8E6}
	EndGlobalSection
EndGlobal
